
Microsoft Visual Studio Solution File, Format Version 12.00
# Visual Studio Version 17
VisualStudioVersion = 17.0.31903.59
MinimumVisualStudioVersion = 10.0.40219.1
Project("{FAE04EC0-301F-11D3-BF4B-00C04F79EFBC}") = "VideoLengthCalculator", "VideoLengthCalculator2\VideoLengthCalculator.csproj", "{5768C2A0-D1BD-4AB5-8A29-D316BB3BCCB5}"
EndProject
Project("{FAE04EC0-301F-11D3-BF4B-00C04F79EFBC}") = "LearningPlannerLibrary", "LearningPlannerLibrary\LearningPlannerLibrary.csproj", "{EF01FDBD-549B-475C-B540-1253F6EDA577}"
EndProject
Project("{FAE04EC0-301F-11D3-BF4B-00C04F79EFBC}") = "BoardsLibrary", "BoardsLibrary\BoardsLibrary.csproj", "{6F6A0B37-F48D-46B5-9787-E197485CC779}"
EndProject
Global
	GlobalSection(SolutionConfigurationPlatforms) = preSolution
		Debug|Any CPU = Debug|Any CPU
		Release|Any CPU = Release|Any CPU
	EndGlobalSection
	GlobalSection(SolutionProperties) = preSolution
		HideSolutionNode = FALSE
	EndGlobalSection
	GlobalSection(ProjectConfigurationPlatforms) = postSolution
		{5768C2A0-D1BD-4AB5-8A29-D316BB3BCCB5}.Debug|Any CPU.ActiveCfg = Debug|Any CPU
		{5768C2A0-D1BD-4AB5-8A29-D316BB3BCCB5}.Debug|Any CPU.Build.0 = Debug|Any CPU
		{5768C2A0-D1BD-4AB5-8A29-D316BB3BCCB5}.Release|Any CPU.ActiveCfg = Release|Any CPU
		{5768C2A0-D1BD-4AB5-8A29-D316BB3BCCB5}.Release|Any CPU.Build.0 = Release|Any CPU
		{EF01FDBD-549B-475C-B540-1253F6EDA577}.Debug|Any CPU.ActiveCfg = Debug|Any CPU
		{EF01FDBD-549B-475C-B540-1253F6EDA577}.Debug|Any CPU.Build.0 = Debug|Any CPU
		{EF01FDBD-549B-475C-B540-1253F6EDA577}.Release|Any CPU.ActiveCfg = Release|Any CPU
		{EF01FDBD-549B-475C-B540-1253F6EDA577}.Release|Any CPU.Build.0 = Release|Any CPU
		{6F6A0B37-F48D-46B5-9787-E197485CC779}.Debug|Any CPU.ActiveCfg = Debug|Any CPU
		{6F6A0B37-F48D-46B5-9787-E197485CC779}.Debug|Any CPU.Build.0 = Debug|Any CPU
		{6F6A0B37-F48D-46B5-9787-E197485CC779}.Release|Any CPU.ActiveCfg = Release|Any CPU
		{6F6A0B37-F48D-46B5-9787-E197485CC779}.Release|Any CPU.Build.0 = Release|Any CPU
	EndGlobalSection
EndGlobal
