
Microsoft Visual Studio Solution File, Format Version 12.00
# Visual Studio Version 17
VisualStudioVersion = 17.5.002.0
MinimumVisualStudioVersion = 10.0.40219.1
Project("{9A19103F-16F7-4668-BE54-9A1E7A4F7556}") = "VideoLengthCalculator", "VideoLengthCalculator.csproj", "{CA371DF6-0481-4EA7-B73B-D60C797E8C05}"
EndProject
Global
	GlobalSection(SolutionConfigurationPlatforms) = preSolution
		Debug|Any CPU = Debug|Any CPU
		Release|Any CPU = Release|Any CPU
	EndGlobalSection
	GlobalSection(ProjectConfigurationPlatforms) = postSolution
		{CA371DF6-0481-4EA7-B73B-D60C797E8C05}.Debug|Any CPU.ActiveCfg = Debug|Any CPU
		{CA371DF6-0481-4EA7-B73B-D60C797E8C05}.Debug|Any CPU.Build.0 = Debug|Any CPU
		{CA371DF6-0481-4EA7-B73B-D60C797E8C05}.Release|Any CPU.ActiveCfg = Release|Any CPU
		{CA371DF6-0481-4EA7-B73B-D60C797E8C05}.Release|Any CPU.Build.0 = Release|Any CPU
	EndGlobalSection
	GlobalSection(SolutionProperties) = preSolution
		HideSolutionNode = FALSE
	EndGlobalSection
	GlobalSection(ExtensibilityGlobals) = postSolution
		SolutionGuid = {EEBDE469-A95D-4424-BAEE-706E636443B0}
	EndGlobalSection
EndGlobal
